
Microsoft Visual Studio Solution File, Format Version 12.00
# Visual Studio Version 17
VisualStudioVersion = 17.6.33801.468
MinimumVisualStudioVersion = 10.0.40219.1
Project("{FAE04EC0-301F-11D3-BF4B-00C04F79EFBC}") = "01-Factorial_Method", "01-Factorial_Method\01-Factorial_Method.csproj", "{03877E5B-21DB-4133-9D5A-D045FE08D007}"
EndProject
Global
	GlobalSection(SolutionConfigurationPlatforms) = preSolution
		Debug|Any CPU = Debug|Any CPU
		Release|Any CPU = Release|Any CPU
	EndGlobalSection
	GlobalSection(ProjectConfigurationPlatforms) = postSolution
		{03877E5B-21DB-4133-9D5A-D045FE08D007}.Debug|Any CPU.ActiveCfg = Debug|Any CPU
		{03877E5B-21DB-4133-9D5A-D045FE08D007}.Debug|Any CPU.Build.0 = Debug|Any CPU
		{03877E5B-21DB-4133-9D5A-D045FE08D007}.Release|Any CPU.ActiveCfg = Release|Any CPU
		{03877E5B-21DB-4133-9D5A-D045FE08D007}.Release|Any CPU.Build.0 = Release|Any CPU
	EndGlobalSection
	GlobalSection(SolutionProperties) = preSolution
		HideSolutionNode = FALSE
	EndGlobalSection
	GlobalSection(ExtensibilityGlobals) = postSolution
		SolutionGuid = {9CF5E9CC-B9B1-470C-B32D-09DFF8A30715}
	EndGlobalSection
EndGlobal
